
Microsoft Visual Studio Solution File, Format Version 12.00
# Visual Studio Version 17
VisualStudioVersion = 17.2.32630.192
MinimumVisualStudioVersion = 10.0.40219.1
Project("{9A19103F-16F7-4668-BE54-9A1E7A4F7556}") = "Services", "Services\Services.csproj", "{F7FB491F-F5DD-4125-B5BD-D9A4631C8F4F}"
EndProject
Project("{9A19103F-16F7-4668-BE54-9A1E7A4F7556}") = "Shared", "Shared\Shared.csproj", "{0DDB737D-BC10-4B80-B3BB-CD2138AC390A}"
EndProject
Project("{9A19103F-16F7-4668-BE54-9A1E7A4F7556}") = "LamMocBaoWeb", "LamMocBaoWeb\LamMocBaoWeb.csproj", "{BE1697F1-9493-4B21-904B-0BE803DFCDCD}"
EndProject
Global
	GlobalSection(SolutionConfigurationPlatforms) = preSolution
		Debug|Any CPU = Debug|Any CPU
		Release|Any CPU = Release|Any CPU
	EndGlobalSection
	GlobalSection(ProjectConfigurationPlatforms) = postSolution
		{F7FB491F-F5DD-4125-B5BD-D9A4631C8F4F}.Debug|Any CPU.ActiveCfg = Debug|Any CPU
		{F7FB491F-F5DD-4125-B5BD-D9A4631C8F4F}.Debug|Any CPU.Build.0 = Debug|Any CPU
		{F7FB491F-F5DD-4125-B5BD-D9A4631C8F4F}.Release|Any CPU.ActiveCfg = Release|Any CPU
		{F7FB491F-F5DD-4125-B5BD-D9A4631C8F4F}.Release|Any CPU.Build.0 = Release|Any CPU
		{0DDB737D-BC10-4B80-B3BB-CD2138AC390A}.Debug|Any CPU.ActiveCfg = Debug|Any CPU
		{0DDB737D-BC10-4B80-B3BB-CD2138AC390A}.Debug|Any CPU.Build.0 = Debug|Any CPU
		{0DDB737D-BC10-4B80-B3BB-CD2138AC390A}.Release|Any CPU.ActiveCfg = Release|Any CPU
		{0DDB737D-BC10-4B80-B3BB-CD2138AC390A}.Release|Any CPU.Build.0 = Release|Any CPU
		{BE1697F1-9493-4B21-904B-0BE803DFCDCD}.Debug|Any CPU.ActiveCfg = Debug|Any CPU
		{BE1697F1-9493-4B21-904B-0BE803DFCDCD}.Debug|Any CPU.Build.0 = Debug|Any CPU
		{BE1697F1-9493-4B21-904B-0BE803DFCDCD}.Release|Any CPU.ActiveCfg = Release|Any CPU
		{BE1697F1-9493-4B21-904B-0BE803DFCDCD}.Release|Any CPU.Build.0 = Release|Any CPU
	EndGlobalSection
	GlobalSection(SolutionProperties) = preSolution
		HideSolutionNode = FALSE
	EndGlobalSection
	GlobalSection(ExtensibilityGlobals) = postSolution
		SolutionGuid = {5085461E-56ED-4BB9-A1A7-8BD9691F2881}
	EndGlobalSection
EndGlobal
