{
  "name": "LamMocBao",
  "lockfileVersion": 2,
  "requires": true,
  "packages": {
    "": {
      "dependencies": {
        "bootstrap": "^3.4.1",
        "jquery-confirm": "^3.3.4",
        "jquery-modal": "^0.9.2",
        "remodal": "^1.1.1"
      }
    },
    "node_modules/bootstrap": {
      "version": "3.4.1",
      "resolved": "https://registry.npmjs.org/bootstrap/-/bootstrap-3.4.1.tgz",
      "integrity": "sha512-yN5oZVmRCwe5aKwzRj6736nSmKDX7pLYwsXiCj/EYmo16hODaBiT4En5btW/jhBF/seV+XMx3aYwukYC3A49DA==",
      "engines": {
        "node": ">=6"
      }
    },
    "node_modules/jquery": {
      "version": "3.6.1",
      "resolved": "https://registry.npmjs.org/jquery/-/jquery-3.6.1.tgz",
      "integrity": "sha512-opJeO4nCucVnsjiXOE+/PcCgYw9Gwpvs/a6B1LL/lQhwWwpbVEVYDZ1FokFr8PRc7ghYlrFPuyHuiiDNTQxmcw=="
    },
    "node_modules/jquery-confirm": {
      "version": "3.3.4",
      "resolved": "https://registry.npmjs.org/jquery-confirm/-/jquery-confirm-3.3.4.tgz",
      "integrity": "sha512-SF3mX2kWAK9FP/Hut1uLHI30LPZ9DAki3Jq6JId9vg6AlMVugjlh40APtuxPQ/0C44XTkQFSVyRrg57NMbaicA==",
      "dependencies": {
        "jquery": ">=1.6"
      }
    },
    "node_modules/jquery-modal": {
      "version": "0.9.2",
      "resolved": "https://registry.npmjs.org/jquery-modal/-/jquery-modal-0.9.2.tgz",
      "integrity": "sha512-Bx6jTBuiUbdywriWd0UAZK9v7FKEDCOD5uRh47qd4coGvx+dG4w8cOGe4TG2OoR1dNrXn6Aqaeu8MAA+Oz7vOw=="
    },
    "node_modules/remodal": {
      "version": "1.1.1",
      "resolved": "https://registry.npmjs.org/remodal/-/remodal-1.1.1.tgz",
      "integrity": "sha512-creNSaqbg5tddt+6wckMQ5BAYIrlanpZoPhRt2q/hXPsAEavapSucBGFOsfyjTPPGQdyUxy5jXLjSnNhpCIK6A==",
      "dependencies": {
        "jquery": "*"
      }
    }
  },
  "dependencies": {
    "bootstrap": {
      "version": "3.4.1",
      "resolved": "https://registry.npmjs.org/bootstrap/-/bootstrap-3.4.1.tgz",
      "integrity": "sha512-yN5oZVmRCwe5aKwzRj6736nSmKDX7pLYwsXiCj/EYmo16hODaBiT4En5btW/jhBF/seV+XMx3aYwukYC3A49DA=="
    },
    "jquery": {
      "version": "3.6.1",
      "resolved": "https://registry.npmjs.org/jquery/-/jquery-3.6.1.tgz",
      "integrity": "sha512-opJeO4nCucVnsjiXOE+/PcCgYw9Gwpvs/a6B1LL/lQhwWwpbVEVYDZ1FokFr8PRc7ghYlrFPuyHuiiDNTQxmcw=="
    },
    "jquery-confirm": {
      "version": "3.3.4",
      "resolved": "https://registry.npmjs.org/jquery-confirm/-/jquery-confirm-3.3.4.tgz",
      "integrity": "sha512-SF3mX2kWAK9FP/Hut1uLHI30LPZ9DAki3Jq6JId9vg6AlMVugjlh40APtuxPQ/0C44XTkQFSVyRrg57NMbaicA==",
      "requires": {
        "jquery": ">=1.6"
      }
    },
    "jquery-modal": {
      "version": "0.9.2",
      "resolved": "https://registry.npmjs.org/jquery-modal/-/jquery-modal-0.9.2.tgz",
      "integrity": "sha512-Bx6jTBuiUbdywriWd0UAZK9v7FKEDCOD5uRh47qd4coGvx+dG4w8cOGe4TG2OoR1dNrXn6Aqaeu8MAA+Oz7vOw=="
    },
    "remodal": {
      "version": "1.1.1",
      "resolved": "https://registry.npmjs.org/remodal/-/remodal-1.1.1.tgz",
      "integrity": "sha512-creNSaqbg5tddt+6wckMQ5BAYIrlanpZoPhRt2q/hXPsAEavapSucBGFOsfyjTPPGQdyUxy5jXLjSnNhpCIK6A==",
      "requires": {
        "jquery": "*"
      }
    }
  }
}
